
Microsoft Visual Studio Solution File, Format Version 12.00
# Visual Studio 15
VisualStudioVersion = 15.0.27130.2010
MinimumVisualStudioVersion = 10.0.40219.1
Project("{2150E333-8FDC-42A3-9474-1A3956D46DE8}") = "source", "source", "{4F761EA0-76B1-4C5D-BEF0-B85FD794A25A}"
EndProject
Project("{2150E333-8FDC-42A3-9474-1A3956D46DE8}") = "test", "test", "{30651DD0-7D3A-48A6-8029-474EC206F344}"
EndProject
Project("{FAE04EC0-301F-11D3-BF4B-00C04F79EFBC}") = "CrossBeacon.WebMvc", "source\CrossBeacon.WebMvc\CrossBeacon.WebMvc.csproj", "{E7EAD381-28CA-4B27-B9F6-9BB6A5F8D189}"
EndProject
Global
	GlobalSection(SolutionConfigurationPlatforms) = preSolution
		Debug|Any CPU = Debug|Any CPU
		Release|Any CPU = Release|Any CPU
	EndGlobalSection
	GlobalSection(ProjectConfigurationPlatforms) = postSolution
		{E7EAD381-28CA-4B27-B9F6-9BB6A5F8D189}.Debug|Any CPU.ActiveCfg = Debug|Any CPU
		{E7EAD381-28CA-4B27-B9F6-9BB6A5F8D189}.Debug|Any CPU.Build.0 = Debug|Any CPU
		{E7EAD381-28CA-4B27-B9F6-9BB6A5F8D189}.Release|Any CPU.ActiveCfg = Release|Any CPU
		{E7EAD381-28CA-4B27-B9F6-9BB6A5F8D189}.Release|Any CPU.Build.0 = Release|Any CPU
	EndGlobalSection
	GlobalSection(SolutionProperties) = preSolution
		HideSolutionNode = FALSE
	EndGlobalSection
	GlobalSection(NestedProjects) = preSolution
		{E7EAD381-28CA-4B27-B9F6-9BB6A5F8D189} = {4F761EA0-76B1-4C5D-BEF0-B85FD794A25A}
	EndGlobalSection
	GlobalSection(ExtensibilityGlobals) = postSolution
		SolutionGuid = {F1DD73E9-6DAC-4AD4-BB28-6C4BD5398F97}
	EndGlobalSection
EndGlobal
